
Microsoft Visual Studio Solution File, Format Version 12.00
# Visual Studio 2017
Project("{FAE04EC0-301F-11D3-BF4B-00C04F79EFBC}") = "15_PruebaCono", "15_PruebaCono.csproj", "{F4139D09-EC1B-C374-5FD2-8311ADDCEB7F}"
EndProject
Project("{FAE04EC0-301F-11D3-BF4B-00C04F79EFBC}") = "15_PruebaCono.Editor", "15_PruebaCono.Editor.csproj", "{D01F3ABA-DB56-017C-1B72-1F41F719092F}"
EndProject
Global
	GlobalSection(SolutionConfigurationPlatforms) = preSolution
		Debug|Any CPU = Debug|Any CPU
		Release|Any CPU = Release|Any CPU
	EndGlobalSection
	GlobalSection(ProjectConfigurationPlatforms) = postSolution
		{F4139D09-EC1B-C374-5FD2-8311ADDCEB7F}.Debug|Any CPU.ActiveCfg = Debug|Any CPU
		{F4139D09-EC1B-C374-5FD2-8311ADDCEB7F}.Debug|Any CPU.Build.0 = Debug|Any CPU
		{F4139D09-EC1B-C374-5FD2-8311ADDCEB7F}.Release|Any CPU.ActiveCfg = Release|Any CPU
		{F4139D09-EC1B-C374-5FD2-8311ADDCEB7F}.Release|Any CPU.Build.0 = Release|Any CPU
		{D01F3ABA-DB56-017C-1B72-1F41F719092F}.Debug|Any CPU.ActiveCfg = Debug|Any CPU
		{D01F3ABA-DB56-017C-1B72-1F41F719092F}.Debug|Any CPU.Build.0 = Debug|Any CPU
		{D01F3ABA-DB56-017C-1B72-1F41F719092F}.Release|Any CPU.ActiveCfg = Release|Any CPU
		{D01F3ABA-DB56-017C-1B72-1F41F719092F}.Release|Any CPU.Build.0 = Release|Any CPU
	EndGlobalSection
	GlobalSection(SolutionProperties) = preSolution
		HideSolutionNode = FALSE
	EndGlobalSection
EndGlobal
