
Microsoft Visual Studio Solution File, Format Version 12.00
# Visual Studio 2017
Project("{FAE04EC0-301F-11D3-BF4B-00C04F79EFBC}") = "02_Digital-clock", "02_Digital-clock.csproj", "{1AEEE1E1-A239-A0F0-1499-C312586CF1A5}"
EndProject
Global
	GlobalSection(SolutionConfigurationPlatforms) = preSolution
		Debug|Any CPU = Debug|Any CPU
		Release|Any CPU = Release|Any CPU
	EndGlobalSection
	GlobalSection(ProjectConfigurationPlatforms) = postSolution
		{1AEEE1E1-A239-A0F0-1499-C312586CF1A5}.Debug|Any CPU.ActiveCfg = Debug|Any CPU
		{1AEEE1E1-A239-A0F0-1499-C312586CF1A5}.Debug|Any CPU.Build.0 = Debug|Any CPU
		{1AEEE1E1-A239-A0F0-1499-C312586CF1A5}.Release|Any CPU.ActiveCfg = Release|Any CPU
		{1AEEE1E1-A239-A0F0-1499-C312586CF1A5}.Release|Any CPU.Build.0 = Release|Any CPU
	EndGlobalSection
	GlobalSection(SolutionProperties) = preSolution
		HideSolutionNode = FALSE
	EndGlobalSection
EndGlobal
